
Microsoft Visual Studio Solution File, Format Version 12.00
# Visual Studio Version 17
VisualStudioVersion = 17.8.34330.188
MinimumVisualStudioVersion = 10.0.40219.1
Project("{9A19103F-16F7-4668-BE54-9A1E7A4F7556}") = "StudentAPI", "StudentAPI\StudentAPI.csproj", "{24A90C7D-AD5A-4A05-816E-304461211422}"
EndProject
Project("{FAE04EC0-301F-11D3-BF4B-00C04F79EFBC}") = "ConsumeWEBAPI", "ConsumeWEBAPI\ConsumeWEBAPI.csproj", "{EBE454EF-3466-44F5-84BD-7E24D5707F55}"
EndProject
Global
	GlobalSection(SolutionConfigurationPlatforms) = preSolution
		Debug|Any CPU = Debug|Any CPU
		Release|Any CPU = Release|Any CPU
	EndGlobalSection
	GlobalSection(ProjectConfigurationPlatforms) = postSolution
		{24A90C7D-AD5A-4A05-816E-304461211422}.Debug|Any CPU.ActiveCfg = Debug|Any CPU
		{24A90C7D-AD5A-4A05-816E-304461211422}.Debug|Any CPU.Build.0 = Debug|Any CPU
		{24A90C7D-AD5A-4A05-816E-304461211422}.Release|Any CPU.ActiveCfg = Release|Any CPU
		{24A90C7D-AD5A-4A05-816E-304461211422}.Release|Any CPU.Build.0 = Release|Any CPU
		{EBE454EF-3466-44F5-84BD-7E24D5707F55}.Debug|Any CPU.ActiveCfg = Debug|Any CPU
		{EBE454EF-3466-44F5-84BD-7E24D5707F55}.Debug|Any CPU.Build.0 = Debug|Any CPU
		{EBE454EF-3466-44F5-84BD-7E24D5707F55}.Release|Any CPU.ActiveCfg = Release|Any CPU
		{EBE454EF-3466-44F5-84BD-7E24D5707F55}.Release|Any CPU.Build.0 = Release|Any CPU
	EndGlobalSection
	GlobalSection(SolutionProperties) = preSolution
		HideSolutionNode = FALSE
	EndGlobalSection
	GlobalSection(ExtensibilityGlobals) = postSolution
		SolutionGuid = {89FDE8B9-4C89-47D1-9089-86C71313B40F}
	EndGlobalSection
EndGlobal
